
Microsoft Visual Studio Solution File, Format Version 12.00
# Visual Studio 2013
VisualStudioVersion = 12.0.21005.1
MinimumVisualStudioVersion = 10.0.40219.1
Project("{FAE04EC0-301F-11D3-BF4B-00C04F79EFBC}") = "ErrorHandlerEngine", "Error Handler Engine\ErrorHandlerEngine\ErrorHandlerEngine.csproj", "{DF9E798A-6D3B-461E-8B74-BE0757FB3325}"
EndProject
Project("{FAE04EC0-301F-11D3-BF4B-00C04F79EFBC}") = "ErrorHandlerEngineAdapter", "Error Handler Engine\ErrorHandlerEngineAdapter\ErrorHandlerEngineAdapter.csproj", "{A11D0CD8-E5A8-40C7-BE3F-CBAAC5C0818E}"
EndProject
Project("{2150E333-8FDC-42A3-9474-1A3956D46DE8}") = "Documentation Project", "Documentation Project", "{21D0B50A-5F2C-4664-BDBA-A54DB9887B37}"
EndProject
Project("{2150E333-8FDC-42A3-9474-1A3956D46DE8}") = "Error Handler Engine", "Error Handler Engine", "{F1970199-8158-4ACE-A735-B034144C045B}"
EndProject
Project("{2150E333-8FDC-42A3-9474-1A3956D46DE8}") = "Error Log Analyzer", "Error Log Analyzer", "{70D8EB31-5124-453C-BA64-FD39FF3CF960}"
EndProject
Project("{2150E333-8FDC-42A3-9474-1A3956D46DE8}") = "Test Projects", "Test Projects", "{DED4B0E7-23E1-448E-93FF-8162300675E6}"
EndProject
Project("{FAE04EC0-301F-11D3-BF4B-00C04F79EFBC}") = "DatabaseModeling", "Documentation Project\DatabaseModeling\DatabaseModeling.csproj", "{84643666-B09A-4E44-B61A-9D407CD3E68B}"
EndProject
Project("{FAE04EC0-301F-11D3-BF4B-00C04F79EFBC}") = "ExceptionDetails", "Documentation Project\ExceptionDetails\ExceptionDetails.csproj", "{0CC78B2C-D3CF-4B5B-8B62-850F2BD87ACC}"
EndProject
Project("{F088123C-0E9E-452A-89E6-6BA2F21D5CAC}") = "ModelingProject", "Documentation Project\ModelingProject\ModelingProject.modelproj", "{D5F7F6B8-B864-43DC-B13B-6BCC045BF37B}"
EndProject
Project("{FAE04EC0-301F-11D3-BF4B-00C04F79EFBC}") = "ErrorHandlerEngineWPF", "Error Handler Engine\ErrorHandlerEngineWPF\ErrorHandlerEngineWPF.csproj", "{732A87F6-4CF3-4160-99D5-78B8B07D93C9}"
	ProjectSection(ProjectDependencies) = postProject
		{DF9E798A-6D3B-461E-8B74-BE0757FB3325} = {DF9E798A-6D3B-461E-8B74-BE0757FB3325}
	EndProjectSection
EndProject
Project("{FAE04EC0-301F-11D3-BF4B-00C04F79EFBC}") = "TestErrorHandlerDotNet2", "Test Projects\TestErrorHandlerAppNet2\TestErrorHandlerDotNet2.csproj", "{EE48F80F-E6B5-46EC-A6EA-0F7EAD518BE7}"
	ProjectSection(ProjectDependencies) = postProject
		{5C31AB6D-3745-4501-A293-5E29EBDBD833} = {5C31AB6D-3745-4501-A293-5E29EBDBD833}
		{DF9E798A-6D3B-461E-8B74-BE0757FB3325} = {DF9E798A-6D3B-461E-8B74-BE0757FB3325}
		{EBD48B8C-EFD1-42CB-A980-BAEAEF8A60E1} = {EBD48B8C-EFD1-42CB-A980-BAEAEF8A60E1}
		{D129789C-3096-4D0B-8DD7-FE24A4DF4B21} = {D129789C-3096-4D0B-8DD7-FE24A4DF4B21}
		{4159C8D3-C18D-4BED-8BE6-9BAD1B0CA4F6} = {4159C8D3-C18D-4BED-8BE6-9BAD1B0CA4F6}
		{A11D0CD8-E5A8-40C7-BE3F-CBAAC5C0818E} = {A11D0CD8-E5A8-40C7-BE3F-CBAAC5C0818E}
	EndProjectSection
EndProject
Project("{FAE04EC0-301F-11D3-BF4B-00C04F79EFBC}") = "ErrorHandlerEngineUnitTest", "Test Projects\TestErrorHandlerEngine\ErrorHandlerEngineUnitTest.csproj", "{840587CA-2824-4F8E-873F-5BE66CC98FAB}"
	ProjectSection(ProjectDependencies) = postProject
		{5C31AB6D-3745-4501-A293-5E29EBDBD833} = {5C31AB6D-3745-4501-A293-5E29EBDBD833}
		{EBD48B8C-EFD1-42CB-A980-BAEAEF8A60E1} = {EBD48B8C-EFD1-42CB-A980-BAEAEF8A60E1}
		{D129789C-3096-4D0B-8DD7-FE24A4DF4B21} = {D129789C-3096-4D0B-8DD7-FE24A4DF4B21}
		{4159C8D3-C18D-4BED-8BE6-9BAD1B0CA4F6} = {4159C8D3-C18D-4BED-8BE6-9BAD1B0CA4F6}
	EndProjectSection
EndProject
Project("{FAE04EC0-301F-11D3-BF4B-00C04F79EFBC}") = "TestWinFormDotNet45", "Test Projects\TestWinFormDotNet45\TestWinFormDotNet45.csproj", "{27B0A934-CA61-47A8-9B68-454E6698D9B2}"
	ProjectSection(ProjectDependencies) = postProject
		{5C31AB6D-3745-4501-A293-5E29EBDBD833} = {5C31AB6D-3745-4501-A293-5E29EBDBD833}
		{EBD48B8C-EFD1-42CB-A980-BAEAEF8A60E1} = {EBD48B8C-EFD1-42CB-A980-BAEAEF8A60E1}
		{D129789C-3096-4D0B-8DD7-FE24A4DF4B21} = {D129789C-3096-4D0B-8DD7-FE24A4DF4B21}
		{4159C8D3-C18D-4BED-8BE6-9BAD1B0CA4F6} = {4159C8D3-C18D-4BED-8BE6-9BAD1B0CA4F6}
		{A11D0CD8-E5A8-40C7-BE3F-CBAAC5C0818E} = {A11D0CD8-E5A8-40C7-BE3F-CBAAC5C0818E}
	EndProjectSection
EndProject
Project("{FAE04EC0-301F-11D3-BF4B-00C04F79EFBC}") = "TestWpfDotNET45", "Test Projects\TestWpfDotNET45\TestWpfDotNET45.csproj", "{63C5E107-6033-4749-9015-158C803E2415}"
	ProjectSection(ProjectDependencies) = postProject
		{5C31AB6D-3745-4501-A293-5E29EBDBD833} = {5C31AB6D-3745-4501-A293-5E29EBDBD833}
		{DF9E798A-6D3B-461E-8B74-BE0757FB3325} = {DF9E798A-6D3B-461E-8B74-BE0757FB3325}
		{EBD48B8C-EFD1-42CB-A980-BAEAEF8A60E1} = {EBD48B8C-EFD1-42CB-A980-BAEAEF8A60E1}
		{D129789C-3096-4D0B-8DD7-FE24A4DF4B21} = {D129789C-3096-4D0B-8DD7-FE24A4DF4B21}
		{4159C8D3-C18D-4BED-8BE6-9BAD1B0CA4F6} = {4159C8D3-C18D-4BED-8BE6-9BAD1B0CA4F6}
	EndProjectSection
EndProject
Project("{F184B08F-C81C-45F6-A57F-5ABD9991F28F}") = "TestVBwinFormDotNet45", "Test Projects\TestVBwinFormDotNet45\TestVBwinFormDotNet45.vbproj", "{4016F47D-7280-4E17-B62A-2A29E38693E1}"
	ProjectSection(ProjectDependencies) = postProject
		{5C31AB6D-3745-4501-A293-5E29EBDBD833} = {5C31AB6D-3745-4501-A293-5E29EBDBD833}
		{EBD48B8C-EFD1-42CB-A980-BAEAEF8A60E1} = {EBD48B8C-EFD1-42CB-A980-BAEAEF8A60E1}
		{D129789C-3096-4D0B-8DD7-FE24A4DF4B21} = {D129789C-3096-4D0B-8DD7-FE24A4DF4B21}
		{4159C8D3-C18D-4BED-8BE6-9BAD1B0CA4F6} = {4159C8D3-C18D-4BED-8BE6-9BAD1B0CA4F6}
	EndProjectSection
EndProject
Project("{FAE04EC0-301F-11D3-BF4B-00C04F79EFBC}") = "ErrorHandlerEngineAdapterPattern", "Documentation Project\ErrorHandlerEngineAdapterPattern\ErrorHandlerEngineAdapterPattern.csproj", "{54CB6B60-C881-4BCD-BD16-EFDBD57FC3F7}"
EndProject
Project("{FAE04EC0-301F-11D3-BF4B-00C04F79EFBC}") = "ErrorLogAnalyzer", "Error Log Analyzer\ErrorLogAnalyzer\ErrorLogAnalyzer.csproj", "{5C31AB6D-3745-4501-A293-5E29EBDBD833}"
EndProject
Project("{FAE04EC0-301F-11D3-BF4B-00C04F79EFBC}") = "Windows.Forms.ImageBox", "Error Log Analyzer\Windows.Forms.ImageBox\Windows.Forms.ImageBox.csproj", "{4159C8D3-C18D-4BED-8BE6-9BAD1B0CA4F6}"
EndProject
Project("{FAE04EC0-301F-11D3-BF4B-00C04F79EFBC}") = "Windows.Forms.ProcessBar", "Error Log Analyzer\Windows.Forms.ProcessBar\Windows.Forms.ProcessBar.csproj", "{EBD48B8C-EFD1-42CB-A980-BAEAEF8A60E1}"
EndProject
Project("{FAE04EC0-301F-11D3-BF4B-00C04F79EFBC}") = "Windows.WpfAnimatedWaitSplash", "Error Log Analyzer\Windows.WpfAnimatedWaitSplash\Windows.WpfAnimatedWaitSplash.csproj", "{D129789C-3096-4D0B-8DD7-FE24A4DF4B21}"
EndProject
Global
	GlobalSection(SolutionConfigurationPlatforms) = preSolution
		Debug|Any CPU = Debug|Any CPU
		Release|Any CPU = Release|Any CPU
	EndGlobalSection
	GlobalSection(ProjectConfigurationPlatforms) = postSolution
		{DF9E798A-6D3B-461E-8B74-BE0757FB3325}.Debug|Any CPU.ActiveCfg = Release|Any CPU
		{DF9E798A-6D3B-461E-8B74-BE0757FB3325}.Debug|Any CPU.Build.0 = Release|Any CPU
		{DF9E798A-6D3B-461E-8B74-BE0757FB3325}.Release|Any CPU.ActiveCfg = Release|Any CPU
		{DF9E798A-6D3B-461E-8B74-BE0757FB3325}.Release|Any CPU.Build.0 = Release|Any CPU
		{A11D0CD8-E5A8-40C7-BE3F-CBAAC5C0818E}.Debug|Any CPU.ActiveCfg = Release|Any CPU
		{A11D0CD8-E5A8-40C7-BE3F-CBAAC5C0818E}.Debug|Any CPU.Build.0 = Release|Any CPU
		{A11D0CD8-E5A8-40C7-BE3F-CBAAC5C0818E}.Release|Any CPU.ActiveCfg = Release|Any CPU
		{A11D0CD8-E5A8-40C7-BE3F-CBAAC5C0818E}.Release|Any CPU.Build.0 = Release|Any CPU
		{84643666-B09A-4E44-B61A-9D407CD3E68B}.Debug|Any CPU.ActiveCfg = Release|Any CPU
		{84643666-B09A-4E44-B61A-9D407CD3E68B}.Debug|Any CPU.Build.0 = Release|Any CPU
		{84643666-B09A-4E44-B61A-9D407CD3E68B}.Debug|Any CPU.Deploy.0 = Release|Any CPU
		{84643666-B09A-4E44-B61A-9D407CD3E68B}.Release|Any CPU.ActiveCfg = Release|Any CPU
		{84643666-B09A-4E44-B61A-9D407CD3E68B}.Release|Any CPU.Build.0 = Release|Any CPU
		{0CC78B2C-D3CF-4B5B-8B62-850F2BD87ACC}.Debug|Any CPU.ActiveCfg = Release|Any CPU
		{0CC78B2C-D3CF-4B5B-8B62-850F2BD87ACC}.Debug|Any CPU.Build.0 = Release|Any CPU
		{0CC78B2C-D3CF-4B5B-8B62-850F2BD87ACC}.Release|Any CPU.ActiveCfg = Release|Any CPU
		{0CC78B2C-D3CF-4B5B-8B62-850F2BD87ACC}.Release|Any CPU.Build.0 = Release|Any CPU
		{D5F7F6B8-B864-43DC-B13B-6BCC045BF37B}.Debug|Any CPU.ActiveCfg = Release|Any CPU
		{D5F7F6B8-B864-43DC-B13B-6BCC045BF37B}.Debug|Any CPU.Build.0 = Release|Any CPU
		{D5F7F6B8-B864-43DC-B13B-6BCC045BF37B}.Release|Any CPU.ActiveCfg = Release|Any CPU
		{D5F7F6B8-B864-43DC-B13B-6BCC045BF37B}.Release|Any CPU.Build.0 = Release|Any CPU
		{732A87F6-4CF3-4160-99D5-78B8B07D93C9}.Debug|Any CPU.ActiveCfg = Release|Any CPU
		{732A87F6-4CF3-4160-99D5-78B8B07D93C9}.Debug|Any CPU.Build.0 = Release|Any CPU
		{732A87F6-4CF3-4160-99D5-78B8B07D93C9}.Debug|Any CPU.Deploy.0 = Release|Any CPU
		{732A87F6-4CF3-4160-99D5-78B8B07D93C9}.Release|Any CPU.ActiveCfg = Release|Any CPU
		{732A87F6-4CF3-4160-99D5-78B8B07D93C9}.Release|Any CPU.Build.0 = Release|Any CPU
		{EE48F80F-E6B5-46EC-A6EA-0F7EAD518BE7}.Debug|Any CPU.ActiveCfg = Release|Any CPU
		{EE48F80F-E6B5-46EC-A6EA-0F7EAD518BE7}.Debug|Any CPU.Build.0 = Release|Any CPU
		{EE48F80F-E6B5-46EC-A6EA-0F7EAD518BE7}.Release|Any CPU.ActiveCfg = Release|Any CPU
		{EE48F80F-E6B5-46EC-A6EA-0F7EAD518BE7}.Release|Any CPU.Build.0 = Release|Any CPU
		{840587CA-2824-4F8E-873F-5BE66CC98FAB}.Debug|Any CPU.ActiveCfg = Release|Any CPU
		{840587CA-2824-4F8E-873F-5BE66CC98FAB}.Debug|Any CPU.Build.0 = Release|Any CPU
		{840587CA-2824-4F8E-873F-5BE66CC98FAB}.Release|Any CPU.ActiveCfg = Release|Any CPU
		{840587CA-2824-4F8E-873F-5BE66CC98FAB}.Release|Any CPU.Build.0 = Release|Any CPU
		{27B0A934-CA61-47A8-9B68-454E6698D9B2}.Debug|Any CPU.ActiveCfg = Release|Any CPU
		{27B0A934-CA61-47A8-9B68-454E6698D9B2}.Debug|Any CPU.Build.0 = Release|Any CPU
		{27B0A934-CA61-47A8-9B68-454E6698D9B2}.Release|Any CPU.ActiveCfg = Release|Any CPU
		{27B0A934-CA61-47A8-9B68-454E6698D9B2}.Release|Any CPU.Build.0 = Release|Any CPU
		{63C5E107-6033-4749-9015-158C803E2415}.Debug|Any CPU.ActiveCfg = Release|Any CPU
		{63C5E107-6033-4749-9015-158C803E2415}.Debug|Any CPU.Build.0 = Release|Any CPU
		{63C5E107-6033-4749-9015-158C803E2415}.Release|Any CPU.ActiveCfg = Release|Any CPU
		{63C5E107-6033-4749-9015-158C803E2415}.Release|Any CPU.Build.0 = Release|Any CPU
		{4016F47D-7280-4E17-B62A-2A29E38693E1}.Debug|Any CPU.ActiveCfg = Release|Any CPU
		{4016F47D-7280-4E17-B62A-2A29E38693E1}.Debug|Any CPU.Build.0 = Release|Any CPU
		{4016F47D-7280-4E17-B62A-2A29E38693E1}.Release|Any CPU.ActiveCfg = Release|Any CPU
		{4016F47D-7280-4E17-B62A-2A29E38693E1}.Release|Any CPU.Build.0 = Release|Any CPU
		{54CB6B60-C881-4BCD-BD16-EFDBD57FC3F7}.Debug|Any CPU.ActiveCfg = Release|Any CPU
		{54CB6B60-C881-4BCD-BD16-EFDBD57FC3F7}.Debug|Any CPU.Build.0 = Release|Any CPU
		{54CB6B60-C881-4BCD-BD16-EFDBD57FC3F7}.Release|Any CPU.ActiveCfg = Release|Any CPU
		{54CB6B60-C881-4BCD-BD16-EFDBD57FC3F7}.Release|Any CPU.Build.0 = Release|Any CPU
		{5C31AB6D-3745-4501-A293-5E29EBDBD833}.Debug|Any CPU.ActiveCfg = Release|Any CPU
		{5C31AB6D-3745-4501-A293-5E29EBDBD833}.Debug|Any CPU.Build.0 = Release|Any CPU
		{5C31AB6D-3745-4501-A293-5E29EBDBD833}.Release|Any CPU.ActiveCfg = Release|Any CPU
		{5C31AB6D-3745-4501-A293-5E29EBDBD833}.Release|Any CPU.Build.0 = Release|Any CPU
		{4159C8D3-C18D-4BED-8BE6-9BAD1B0CA4F6}.Debug|Any CPU.ActiveCfg = Release|Any CPU
		{4159C8D3-C18D-4BED-8BE6-9BAD1B0CA4F6}.Debug|Any CPU.Build.0 = Release|Any CPU
		{4159C8D3-C18D-4BED-8BE6-9BAD1B0CA4F6}.Release|Any CPU.ActiveCfg = Release|Any CPU
		{4159C8D3-C18D-4BED-8BE6-9BAD1B0CA4F6}.Release|Any CPU.Build.0 = Release|Any CPU
		{EBD48B8C-EFD1-42CB-A980-BAEAEF8A60E1}.Debug|Any CPU.ActiveCfg = Release|Any CPU
		{EBD48B8C-EFD1-42CB-A980-BAEAEF8A60E1}.Debug|Any CPU.Build.0 = Release|Any CPU
		{EBD48B8C-EFD1-42CB-A980-BAEAEF8A60E1}.Release|Any CPU.ActiveCfg = Release|Any CPU
		{EBD48B8C-EFD1-42CB-A980-BAEAEF8A60E1}.Release|Any CPU.Build.0 = Release|Any CPU
		{D129789C-3096-4D0B-8DD7-FE24A4DF4B21}.Debug|Any CPU.ActiveCfg = Release|Any CPU
		{D129789C-3096-4D0B-8DD7-FE24A4DF4B21}.Debug|Any CPU.Build.0 = Release|Any CPU
		{D129789C-3096-4D0B-8DD7-FE24A4DF4B21}.Release|Any CPU.ActiveCfg = Release|Any CPU
		{D129789C-3096-4D0B-8DD7-FE24A4DF4B21}.Release|Any CPU.Build.0 = Release|Any CPU
	EndGlobalSection
	GlobalSection(SolutionProperties) = preSolution
		HideSolutionNode = FALSE
	EndGlobalSection
	GlobalSection(NestedProjects) = preSolution
		{A11D0CD8-E5A8-40C7-BE3F-CBAAC5C0818E} = {F1970199-8158-4ACE-A735-B034144C045B}
		{DF9E798A-6D3B-461E-8B74-BE0757FB3325} = {F1970199-8158-4ACE-A735-B034144C045B}
		{732A87F6-4CF3-4160-99D5-78B8B07D93C9} = {F1970199-8158-4ACE-A735-B034144C045B}
		{84643666-B09A-4E44-B61A-9D407CD3E68B} = {21D0B50A-5F2C-4664-BDBA-A54DB9887B37}
		{0CC78B2C-D3CF-4B5B-8B62-850F2BD87ACC} = {21D0B50A-5F2C-4664-BDBA-A54DB9887B37}
		{D5F7F6B8-B864-43DC-B13B-6BCC045BF37B} = {21D0B50A-5F2C-4664-BDBA-A54DB9887B37}
		{54CB6B60-C881-4BCD-BD16-EFDBD57FC3F7} = {21D0B50A-5F2C-4664-BDBA-A54DB9887B37}
		{5C31AB6D-3745-4501-A293-5E29EBDBD833} = {70D8EB31-5124-453C-BA64-FD39FF3CF960}
		{4159C8D3-C18D-4BED-8BE6-9BAD1B0CA4F6} = {70D8EB31-5124-453C-BA64-FD39FF3CF960}
		{EBD48B8C-EFD1-42CB-A980-BAEAEF8A60E1} = {70D8EB31-5124-453C-BA64-FD39FF3CF960}
		{D129789C-3096-4D0B-8DD7-FE24A4DF4B21} = {70D8EB31-5124-453C-BA64-FD39FF3CF960}
		{EE48F80F-E6B5-46EC-A6EA-0F7EAD518BE7} = {DED4B0E7-23E1-448E-93FF-8162300675E6}
		{840587CA-2824-4F8E-873F-5BE66CC98FAB} = {DED4B0E7-23E1-448E-93FF-8162300675E6}
		{27B0A934-CA61-47A8-9B68-454E6698D9B2} = {DED4B0E7-23E1-448E-93FF-8162300675E6}
		{63C5E107-6033-4749-9015-158C803E2415} = {DED4B0E7-23E1-448E-93FF-8162300675E6}
		{4016F47D-7280-4E17-B62A-2A29E38693E1} = {DED4B0E7-23E1-448E-93FF-8162300675E6}
	EndGlobalSection
EndGlobal
