
Microsoft Visual Studio Solution File, Format Version 12.00
# Visual Studio 2013
VisualStudioVersion = 12.0.21005.1
MinimumVisualStudioVersion = 10.0.40219.1
Project("{2150E333-8FDC-42A3-9474-1A3956D46DE8}") = "Documentation", "Documentation", "{21D0B50A-5F2C-4664-BDBA-A54DB9887B37}"
EndProject
Project("{2150E333-8FDC-42A3-9474-1A3956D46DE8}") = "Error Log Analyzer", "Error Log Analyzer", "{70D8EB31-5124-453C-BA64-FD39FF3CF960}"
EndProject
Project("{2150E333-8FDC-42A3-9474-1A3956D46DE8}") = "Tests", "Tests", "{DED4B0E7-23E1-448E-93FF-8162300675E6}"
EndProject
Project("{FAE04EC0-301F-11D3-BF4B-00C04F79EFBC}") = "ErrorLogAnalyzer", "Error Log Analyzer\ErrorLogAnalyzer\ErrorLogAnalyzer.csproj", "{5C31AB6D-3745-4501-A293-5E29EBDBD833}"
EndProject
Project("{FAE04EC0-301F-11D3-BF4B-00C04F79EFBC}") = "Windows.Forms.ImageBox", "Error Log Analyzer\Windows.Forms.ImageBox\Windows.Forms.ImageBox.csproj", "{4159C8D3-C18D-4BED-8BE6-9BAD1B0CA4F6}"
EndProject
Project("{FAE04EC0-301F-11D3-BF4B-00C04F79EFBC}") = "Windows.Forms.ProcessBar", "Error Log Analyzer\Windows.Forms.ProcessBar\Windows.Forms.ProcessBar.csproj", "{EBD48B8C-EFD1-42CB-A980-BAEAEF8A60E1}"
EndProject
Project("{FAE04EC0-301F-11D3-BF4B-00C04F79EFBC}") = "Windows.WpfAnimatedWaitSplash", "Error Log Analyzer\Windows.WpfAnimatedWaitSplash\Windows.WpfAnimatedWaitSplash.csproj", "{D129789C-3096-4D0B-8DD7-FE24A4DF4B21}"
EndProject
Project("{2150E333-8FDC-42A3-9474-1A3956D46DE8}") = "Solution Items", "Solution Items", "{373F8F75-851C-4B94-9DB4-3E13C359411D}"
	ProjectSection(SolutionItems) = preProject
		..\Build ErrorControlSystem.bat = ..\Build ErrorControlSystem.bat
		..\CHANGELOG.md = ..\CHANGELOG.md
		..\LICENSE.md = ..\LICENSE.md
		..\README.md = ..\README.md
		..\Signing.snk = ..\Signing.snk
		..\UpdateFromOrigin.bat = ..\UpdateFromOrigin.bat
	EndProjectSection
EndProject
Project("{2150E333-8FDC-42A3-9474-1A3956D46DE8}") = "Error Control System", "Error Control System", "{8CF64119-A504-468E-91AC-AA6C4A0862BA}"
EndProject
Project("{FAE04EC0-301F-11D3-BF4B-00C04F79EFBC}") = "ErrorControlSystem", "Error Control System\ErrorControlSystem\ErrorControlSystem.csproj", "{515C50E8-A9A0-4AC0-8591-7369C1A31DC8}"
EndProject
Project("{FAE04EC0-301F-11D3-BF4B-00C04F79EFBC}") = "ErrorControlSystemAdapter", "Error Control System\ErrorControlSystemAdapter\ErrorControlSystemAdapter.csproj", "{1D83C547-23E7-4CDB-9D08-5590283FDEC7}"
EndProject
Project("{2150E333-8FDC-42A3-9474-1A3956D46DE8}") = "Examples", "Examples", "{00FEFE47-EC5F-44DA-A4BC-4849B33E05C0}"
EndProject
Project("{FAE04EC0-301F-11D3-BF4B-00C04F79EFBC}") = "ErrorControlSystem.Examples.Console", "Examples\ErrorControlSystem.Examples.Console\ErrorControlSystem.Examples.Console.csproj", "{D5777125-5D95-4A23-AFCB-84475B0E341E}"
EndProject
Project("{FAE04EC0-301F-11D3-BF4B-00C04F79EFBC}") = "ErrorControlSystem.Examples.WinForms", "Examples\ErrorControlSystem.Examples.WinForms\ErrorControlSystem.Examples.WinForms.csproj", "{F01C0D99-16DB-412C-B4B6-DF68A68CA9A6}"
EndProject
Project("{FAE04EC0-301F-11D3-BF4B-00C04F79EFBC}") = "ErrorControlSystem.Examples.WPF", "Examples\ErrorControlSystem.Examples.WPF\ErrorControlSystem.Examples.WPF.csproj", "{6A4C3C01-E02A-4047-AD0C-F775F6E78A83}"
EndProject
Project("{F184B08F-C81C-45F6-A57F-5ABD9991F28F}") = "ErrorControlSystem.Examples.VisualBasicWinForms", "Examples\ErrorControlSystem.Examples.VisualBasicWinForms\ErrorControlSystem.Examples.VisualBasicWinForms.vbproj", "{0F0269F4-7411-43E3-9686-012A53F41DA2}"
EndProject
Project("{FAE04EC0-301F-11D3-BF4B-00C04F79EFBC}") = "ErrorControlSystem.Examples.WinFormsDotNet2", "Examples\ErrorControlSystem.Examples.WinFormsDotNet2\ErrorControlSystem.Examples.WinFormsDotNet2.csproj", "{1B36CEC8-3613-4EEC-AE41-32492EA3564C}"
EndProject
Project("{FAE04EC0-301F-11D3-BF4B-00C04F79EFBC}") = "ArchitectModeling", "Documentation\ArchitectModeling\ArchitectModeling.csproj", "{98E878F8-06C7-442B-A647-627F03BC6BF2}"
EndProject
Project("{FAE04EC0-301F-11D3-BF4B-00C04F79EFBC}") = "ErrorControlSystem.Tests", "Tests\ErrorControlSystem.Tests\ErrorControlSystem.Tests.csproj", "{4D71047D-96D1-4E73-90BB-F320A4C1E9CB}"
EndProject
Project("{2150E333-8FDC-42A3-9474-1A3956D46DE8}") = ".nuget", ".nuget", "{8BC57402-82C3-459A-97A5-1B5EDA90750C}"
	ProjectSection(SolutionItems) = preProject
		.nuget\ErrorControlSystem.nuspec = .nuget\ErrorControlSystem.nuspec
		.nuget\NuGet.Config = .nuget\NuGet.Config
		.nuget\NuGet.exe = .nuget\NuGet.exe
		.nuget\NuGet.targets = .nuget\NuGet.targets
		.nuget\nupack.bat = .nuget\nupack.bat
	EndProjectSection
EndProject
Project("{2150E333-8FDC-42A3-9474-1A3956D46DE8}") = "Readme", "Readme", "{069BB589-EE17-4059-BC50-264B26D88A92}"
	ProjectSection(SolutionItems) = preProject
		Documentation\Readme\params.json = Documentation\Readme\params.json
		Documentation\Readme\Readme.html = Documentation\Readme\Readme.html
	EndProjectSection
EndProject
Project("{2150E333-8FDC-42A3-9474-1A3956D46DE8}") = "stylesheets", "stylesheets", "{93D32EC6-1272-41A0-B6E6-F5DC21332947}"
	ProjectSection(SolutionItems) = preProject
		Documentation\Readme\stylesheets\print.css = Documentation\Readme\stylesheets\print.css
		Documentation\Readme\stylesheets\pygment_trac.css = Documentation\Readme\stylesheets\pygment_trac.css
		Documentation\Readme\stylesheets\stylesheet.css = Documentation\Readme\stylesheets\stylesheet.css
	EndProjectSection
EndProject
Project("{2150E333-8FDC-42A3-9474-1A3956D46DE8}") = "images", "images", "{8BF9E817-369A-430A-8507-40DA063C7C46}"
	ProjectSection(SolutionItems) = preProject
		Documentation\Readme\images\body-bg.png = Documentation\Readme\images\body-bg.png
		Documentation\Readme\images\Error Control System.png = Documentation\Readme\images\Error Control System.png
		Documentation\Readme\images\highlight-bg.jpg = Documentation\Readme\images\highlight-bg.jpg
		Documentation\Readme\images\hr.png = Documentation\Readme\images\hr.png
		Documentation\Readme\images\octocat-icon.png = Documentation\Readme\images\octocat-icon.png
		Documentation\Readme\images\tar-gz-icon.png = Documentation\Readme\images\tar-gz-icon.png
		Documentation\Readme\images\zip-icon.png = Documentation\Readme\images\zip-icon.png
	EndProjectSection
EndProject
Project("{2150E333-8FDC-42A3-9474-1A3956D46DE8}") = "javascripts", "javascripts", "{3007C52F-2F18-4721-8A74-F23214694FDB}"
	ProjectSection(SolutionItems) = preProject
		Documentation\Readme\javascripts\main.js = Documentation\Readme\javascripts\main.js
	EndProjectSection
EndProject
Project("{FAE04EC0-301F-11D3-BF4B-00C04F79EFBC}") = "ErrorControlSystem.Shared.UI.ExceptionMapper.Tests", "Tests\ErrorControlSystem.Shared.UI.ExceptionMapper.Tests\ErrorControlSystem.Shared.UI.ExceptionMapper.Tests.csproj", "{D355DAB7-B6A0-4926-9794-6D2AFEA94692}"
EndProject
Project("{FAE04EC0-301F-11D3-BF4B-00C04F79EFBC}") = "Windows.Forms.HintTextBox", "Error Log Analyzer\Windows.Forms.HintTextBox\Windows.Forms.HintTextBox.csproj", "{CD5DA55B-C69B-45C7-AEFE-C9F4990CD873}"
EndProject
Global
	GlobalSection(SolutionConfigurationPlatforms) = preSolution
		Debug|Any CPU = Debug|Any CPU
		Release|Any CPU = Release|Any CPU
	EndGlobalSection
	GlobalSection(ProjectConfigurationPlatforms) = postSolution
		{5C31AB6D-3745-4501-A293-5E29EBDBD833}.Debug|Any CPU.ActiveCfg = Release|Any CPU
		{5C31AB6D-3745-4501-A293-5E29EBDBD833}.Debug|Any CPU.Build.0 = Release|Any CPU
		{5C31AB6D-3745-4501-A293-5E29EBDBD833}.Release|Any CPU.ActiveCfg = Release|Any CPU
		{5C31AB6D-3745-4501-A293-5E29EBDBD833}.Release|Any CPU.Build.0 = Release|Any CPU
		{5C31AB6D-3745-4501-A293-5E29EBDBD833}.Release|Any CPU.Deploy.0 = Release|Any CPU
		{4159C8D3-C18D-4BED-8BE6-9BAD1B0CA4F6}.Debug|Any CPU.ActiveCfg = Release|Any CPU
		{4159C8D3-C18D-4BED-8BE6-9BAD1B0CA4F6}.Debug|Any CPU.Build.0 = Release|Any CPU
		{4159C8D3-C18D-4BED-8BE6-9BAD1B0CA4F6}.Release|Any CPU.ActiveCfg = Release|Any CPU
		{4159C8D3-C18D-4BED-8BE6-9BAD1B0CA4F6}.Release|Any CPU.Build.0 = Release|Any CPU
		{EBD48B8C-EFD1-42CB-A980-BAEAEF8A60E1}.Debug|Any CPU.ActiveCfg = Release|Any CPU
		{EBD48B8C-EFD1-42CB-A980-BAEAEF8A60E1}.Debug|Any CPU.Build.0 = Release|Any CPU
		{EBD48B8C-EFD1-42CB-A980-BAEAEF8A60E1}.Release|Any CPU.ActiveCfg = Release|Any CPU
		{EBD48B8C-EFD1-42CB-A980-BAEAEF8A60E1}.Release|Any CPU.Build.0 = Release|Any CPU
		{D129789C-3096-4D0B-8DD7-FE24A4DF4B21}.Debug|Any CPU.ActiveCfg = Release|Any CPU
		{D129789C-3096-4D0B-8DD7-FE24A4DF4B21}.Debug|Any CPU.Build.0 = Release|Any CPU
		{D129789C-3096-4D0B-8DD7-FE24A4DF4B21}.Release|Any CPU.ActiveCfg = Release|Any CPU
		{D129789C-3096-4D0B-8DD7-FE24A4DF4B21}.Release|Any CPU.Build.0 = Release|Any CPU
		{515C50E8-A9A0-4AC0-8591-7369C1A31DC8}.Debug|Any CPU.ActiveCfg = Debug|Any CPU
		{515C50E8-A9A0-4AC0-8591-7369C1A31DC8}.Debug|Any CPU.Build.0 = Debug|Any CPU
		{515C50E8-A9A0-4AC0-8591-7369C1A31DC8}.Release|Any CPU.ActiveCfg = Release|Any CPU
		{515C50E8-A9A0-4AC0-8591-7369C1A31DC8}.Release|Any CPU.Build.0 = Release|Any CPU
		{1D83C547-23E7-4CDB-9D08-5590283FDEC7}.Debug|Any CPU.ActiveCfg = Debug|Any CPU
		{1D83C547-23E7-4CDB-9D08-5590283FDEC7}.Debug|Any CPU.Build.0 = Debug|Any CPU
		{1D83C547-23E7-4CDB-9D08-5590283FDEC7}.Release|Any CPU.ActiveCfg = Release|Any CPU
		{1D83C547-23E7-4CDB-9D08-5590283FDEC7}.Release|Any CPU.Build.0 = Release|Any CPU
		{D5777125-5D95-4A23-AFCB-84475B0E341E}.Debug|Any CPU.ActiveCfg = Debug|Any CPU
		{D5777125-5D95-4A23-AFCB-84475B0E341E}.Debug|Any CPU.Build.0 = Debug|Any CPU
		{D5777125-5D95-4A23-AFCB-84475B0E341E}.Release|Any CPU.ActiveCfg = Release|Any CPU
		{D5777125-5D95-4A23-AFCB-84475B0E341E}.Release|Any CPU.Build.0 = Release|Any CPU
		{F01C0D99-16DB-412C-B4B6-DF68A68CA9A6}.Debug|Any CPU.ActiveCfg = Debug|Any CPU
		{F01C0D99-16DB-412C-B4B6-DF68A68CA9A6}.Debug|Any CPU.Build.0 = Debug|Any CPU
		{F01C0D99-16DB-412C-B4B6-DF68A68CA9A6}.Release|Any CPU.ActiveCfg = Release|Any CPU
		{F01C0D99-16DB-412C-B4B6-DF68A68CA9A6}.Release|Any CPU.Build.0 = Release|Any CPU
		{6A4C3C01-E02A-4047-AD0C-F775F6E78A83}.Debug|Any CPU.ActiveCfg = Debug|Any CPU
		{6A4C3C01-E02A-4047-AD0C-F775F6E78A83}.Debug|Any CPU.Build.0 = Debug|Any CPU
		{6A4C3C01-E02A-4047-AD0C-F775F6E78A83}.Release|Any CPU.ActiveCfg = Release|Any CPU
		{6A4C3C01-E02A-4047-AD0C-F775F6E78A83}.Release|Any CPU.Build.0 = Release|Any CPU
		{0F0269F4-7411-43E3-9686-012A53F41DA2}.Debug|Any CPU.ActiveCfg = Debug|Any CPU
		{0F0269F4-7411-43E3-9686-012A53F41DA2}.Debug|Any CPU.Build.0 = Debug|Any CPU
		{0F0269F4-7411-43E3-9686-012A53F41DA2}.Release|Any CPU.ActiveCfg = Release|Any CPU
		{0F0269F4-7411-43E3-9686-012A53F41DA2}.Release|Any CPU.Build.0 = Release|Any CPU
		{1B36CEC8-3613-4EEC-AE41-32492EA3564C}.Debug|Any CPU.ActiveCfg = Debug|Any CPU
		{1B36CEC8-3613-4EEC-AE41-32492EA3564C}.Debug|Any CPU.Build.0 = Debug|Any CPU
		{1B36CEC8-3613-4EEC-AE41-32492EA3564C}.Release|Any CPU.ActiveCfg = Release|Any CPU
		{1B36CEC8-3613-4EEC-AE41-32492EA3564C}.Release|Any CPU.Build.0 = Release|Any CPU
		{98E878F8-06C7-442B-A647-627F03BC6BF2}.Debug|Any CPU.ActiveCfg = Debug|Any CPU
		{98E878F8-06C7-442B-A647-627F03BC6BF2}.Debug|Any CPU.Build.0 = Debug|Any CPU
		{98E878F8-06C7-442B-A647-627F03BC6BF2}.Release|Any CPU.ActiveCfg = Release|Any CPU
		{98E878F8-06C7-442B-A647-627F03BC6BF2}.Release|Any CPU.Build.0 = Release|Any CPU
		{4D71047D-96D1-4E73-90BB-F320A4C1E9CB}.Debug|Any CPU.ActiveCfg = Debug|Any CPU
		{4D71047D-96D1-4E73-90BB-F320A4C1E9CB}.Debug|Any CPU.Build.0 = Debug|Any CPU
		{4D71047D-96D1-4E73-90BB-F320A4C1E9CB}.Release|Any CPU.ActiveCfg = Release|Any CPU
		{4D71047D-96D1-4E73-90BB-F320A4C1E9CB}.Release|Any CPU.Build.0 = Release|Any CPU
		{D355DAB7-B6A0-4926-9794-6D2AFEA94692}.Debug|Any CPU.ActiveCfg = Debug|Any CPU
		{D355DAB7-B6A0-4926-9794-6D2AFEA94692}.Debug|Any CPU.Build.0 = Debug|Any CPU
		{D355DAB7-B6A0-4926-9794-6D2AFEA94692}.Release|Any CPU.ActiveCfg = Release|Any CPU
		{D355DAB7-B6A0-4926-9794-6D2AFEA94692}.Release|Any CPU.Build.0 = Release|Any CPU
		{CD5DA55B-C69B-45C7-AEFE-C9F4990CD873}.Debug|Any CPU.ActiveCfg = Debug|Any CPU
		{CD5DA55B-C69B-45C7-AEFE-C9F4990CD873}.Debug|Any CPU.Build.0 = Debug|Any CPU
		{CD5DA55B-C69B-45C7-AEFE-C9F4990CD873}.Release|Any CPU.ActiveCfg = Release|Any CPU
		{CD5DA55B-C69B-45C7-AEFE-C9F4990CD873}.Release|Any CPU.Build.0 = Release|Any CPU
	EndGlobalSection
	GlobalSection(SolutionProperties) = preSolution
		HideSolutionNode = FALSE
	EndGlobalSection
	GlobalSection(NestedProjects) = preSolution
		{98E878F8-06C7-442B-A647-627F03BC6BF2} = {21D0B50A-5F2C-4664-BDBA-A54DB9887B37}
		{069BB589-EE17-4059-BC50-264B26D88A92} = {21D0B50A-5F2C-4664-BDBA-A54DB9887B37}
		{5C31AB6D-3745-4501-A293-5E29EBDBD833} = {70D8EB31-5124-453C-BA64-FD39FF3CF960}
		{4159C8D3-C18D-4BED-8BE6-9BAD1B0CA4F6} = {70D8EB31-5124-453C-BA64-FD39FF3CF960}
		{EBD48B8C-EFD1-42CB-A980-BAEAEF8A60E1} = {70D8EB31-5124-453C-BA64-FD39FF3CF960}
		{D129789C-3096-4D0B-8DD7-FE24A4DF4B21} = {70D8EB31-5124-453C-BA64-FD39FF3CF960}
		{CD5DA55B-C69B-45C7-AEFE-C9F4990CD873} = {70D8EB31-5124-453C-BA64-FD39FF3CF960}
		{4D71047D-96D1-4E73-90BB-F320A4C1E9CB} = {DED4B0E7-23E1-448E-93FF-8162300675E6}
		{D355DAB7-B6A0-4926-9794-6D2AFEA94692} = {DED4B0E7-23E1-448E-93FF-8162300675E6}
		{515C50E8-A9A0-4AC0-8591-7369C1A31DC8} = {8CF64119-A504-468E-91AC-AA6C4A0862BA}
		{1D83C547-23E7-4CDB-9D08-5590283FDEC7} = {8CF64119-A504-468E-91AC-AA6C4A0862BA}
		{D5777125-5D95-4A23-AFCB-84475B0E341E} = {00FEFE47-EC5F-44DA-A4BC-4849B33E05C0}
		{F01C0D99-16DB-412C-B4B6-DF68A68CA9A6} = {00FEFE47-EC5F-44DA-A4BC-4849B33E05C0}
		{6A4C3C01-E02A-4047-AD0C-F775F6E78A83} = {00FEFE47-EC5F-44DA-A4BC-4849B33E05C0}
		{0F0269F4-7411-43E3-9686-012A53F41DA2} = {00FEFE47-EC5F-44DA-A4BC-4849B33E05C0}
		{1B36CEC8-3613-4EEC-AE41-32492EA3564C} = {00FEFE47-EC5F-44DA-A4BC-4849B33E05C0}
		{93D32EC6-1272-41A0-B6E6-F5DC21332947} = {069BB589-EE17-4059-BC50-264B26D88A92}
		{8BF9E817-369A-430A-8507-40DA063C7C46} = {069BB589-EE17-4059-BC50-264B26D88A92}
		{3007C52F-2F18-4721-8A74-F23214694FDB} = {069BB589-EE17-4059-BC50-264B26D88A92}
	EndGlobalSection
EndGlobal
