
Microsoft Visual Studio Solution File, Format Version 12.00
# Visual Studio 2013
VisualStudioVersion = 12.0.21005.1
MinimumVisualStudioVersion = 10.0.40219.1
Project("{2150E333-8FDC-42A3-9474-1A3956D46DE8}") = "Documentation Project", "Documentation Project", "{21D0B50A-5F2C-4664-BDBA-A54DB9887B37}"
EndProject
Project("{2150E333-8FDC-42A3-9474-1A3956D46DE8}") = "Error Log Analyzer", "Error Log Analyzer", "{70D8EB31-5124-453C-BA64-FD39FF3CF960}"
EndProject
Project("{2150E333-8FDC-42A3-9474-1A3956D46DE8}") = "Test Projects", "Test Projects", "{DED4B0E7-23E1-448E-93FF-8162300675E6}"
EndProject
Project("{FAE04EC0-301F-11D3-BF4B-00C04F79EFBC}") = "TestErrorHandlerDotNet2", "Test Projects\TestErrorHandlerAppNet2\TestErrorHandlerDotNet2.csproj", "{EE48F80F-E6B5-46EC-A6EA-0F7EAD518BE7}"
	ProjectSection(ProjectDependencies) = postProject
		{5C31AB6D-3745-4501-A293-5E29EBDBD833} = {5C31AB6D-3745-4501-A293-5E29EBDBD833}
		{EBD48B8C-EFD1-42CB-A980-BAEAEF8A60E1} = {EBD48B8C-EFD1-42CB-A980-BAEAEF8A60E1}
		{D129789C-3096-4D0B-8DD7-FE24A4DF4B21} = {D129789C-3096-4D0B-8DD7-FE24A4DF4B21}
		{4159C8D3-C18D-4BED-8BE6-9BAD1B0CA4F6} = {4159C8D3-C18D-4BED-8BE6-9BAD1B0CA4F6}
	EndProjectSection
EndProject
Project("{FAE04EC0-301F-11D3-BF4B-00C04F79EFBC}") = "TestWinFormDotNet45", "Test Projects\TestWinFormDotNet45\TestWinFormDotNet45.csproj", "{27B0A934-CA61-47A8-9B68-454E6698D9B2}"
	ProjectSection(ProjectDependencies) = postProject
		{5C31AB6D-3745-4501-A293-5E29EBDBD833} = {5C31AB6D-3745-4501-A293-5E29EBDBD833}
		{EBD48B8C-EFD1-42CB-A980-BAEAEF8A60E1} = {EBD48B8C-EFD1-42CB-A980-BAEAEF8A60E1}
		{D129789C-3096-4D0B-8DD7-FE24A4DF4B21} = {D129789C-3096-4D0B-8DD7-FE24A4DF4B21}
		{4159C8D3-C18D-4BED-8BE6-9BAD1B0CA4F6} = {4159C8D3-C18D-4BED-8BE6-9BAD1B0CA4F6}
	EndProjectSection
EndProject
Project("{FAE04EC0-301F-11D3-BF4B-00C04F79EFBC}") = "TestWpfDotNET45", "Test Projects\TestWpfDotNET45\TestWpfDotNET45.csproj", "{63C5E107-6033-4749-9015-158C803E2415}"
	ProjectSection(ProjectDependencies) = postProject
		{5C31AB6D-3745-4501-A293-5E29EBDBD833} = {5C31AB6D-3745-4501-A293-5E29EBDBD833}
		{EBD48B8C-EFD1-42CB-A980-BAEAEF8A60E1} = {EBD48B8C-EFD1-42CB-A980-BAEAEF8A60E1}
		{D129789C-3096-4D0B-8DD7-FE24A4DF4B21} = {D129789C-3096-4D0B-8DD7-FE24A4DF4B21}
		{4159C8D3-C18D-4BED-8BE6-9BAD1B0CA4F6} = {4159C8D3-C18D-4BED-8BE6-9BAD1B0CA4F6}
	EndProjectSection
EndProject
Project("{F184B08F-C81C-45F6-A57F-5ABD9991F28F}") = "TestVBwinFormDotNet45", "Test Projects\TestVBwinFormDotNet45\TestVBwinFormDotNet45.vbproj", "{4016F47D-7280-4E17-B62A-2A29E38693E1}"
	ProjectSection(ProjectDependencies) = postProject
		{5C31AB6D-3745-4501-A293-5E29EBDBD833} = {5C31AB6D-3745-4501-A293-5E29EBDBD833}
		{EBD48B8C-EFD1-42CB-A980-BAEAEF8A60E1} = {EBD48B8C-EFD1-42CB-A980-BAEAEF8A60E1}
		{D129789C-3096-4D0B-8DD7-FE24A4DF4B21} = {D129789C-3096-4D0B-8DD7-FE24A4DF4B21}
		{4159C8D3-C18D-4BED-8BE6-9BAD1B0CA4F6} = {4159C8D3-C18D-4BED-8BE6-9BAD1B0CA4F6}
	EndProjectSection
EndProject
Project("{FAE04EC0-301F-11D3-BF4B-00C04F79EFBC}") = "ErrorLogAnalyzer", "Error Log Analyzer\ErrorLogAnalyzer\ErrorLogAnalyzer.csproj", "{5C31AB6D-3745-4501-A293-5E29EBDBD833}"
EndProject
Project("{FAE04EC0-301F-11D3-BF4B-00C04F79EFBC}") = "Windows.Forms.ImageBox", "Error Log Analyzer\Windows.Forms.ImageBox\Windows.Forms.ImageBox.csproj", "{4159C8D3-C18D-4BED-8BE6-9BAD1B0CA4F6}"
EndProject
Project("{FAE04EC0-301F-11D3-BF4B-00C04F79EFBC}") = "Windows.Forms.ProcessBar", "Error Log Analyzer\Windows.Forms.ProcessBar\Windows.Forms.ProcessBar.csproj", "{EBD48B8C-EFD1-42CB-A980-BAEAEF8A60E1}"
EndProject
Project("{FAE04EC0-301F-11D3-BF4B-00C04F79EFBC}") = "Windows.WpfAnimatedWaitSplash", "Error Log Analyzer\Windows.WpfAnimatedWaitSplash\Windows.WpfAnimatedWaitSplash.csproj", "{D129789C-3096-4D0B-8DD7-FE24A4DF4B21}"
EndProject
Project("{2150E333-8FDC-42A3-9474-1A3956D46DE8}") = "Solution Items", "Solution Items", "{373F8F75-851C-4B94-9DB4-3E13C359411D}"
	ProjectSection(SolutionItems) = preProject
		..\LICENSE.md = ..\LICENSE.md
		..\README.md = ..\README.md
	EndProjectSection
EndProject
Project("{FAE04EC0-301F-11D3-BF4B-00C04F79EFBC}") = "ArchitectModeling", "Documentation Project\ArchitectModeling\ArchitectModeling.csproj", "{98E878F8-06C7-442B-A647-627F03BC6BF2}"
EndProject
Project("{2150E333-8FDC-42A3-9474-1A3956D46DE8}") = "Error Control System", "Error Control System", "{8CF64119-A504-468E-91AC-AA6C4A0862BA}"
EndProject
Project("{FAE04EC0-301F-11D3-BF4B-00C04F79EFBC}") = "ErrorControlSystem", "Error Control System\ErrorControlSystem\ErrorControlSystem.csproj", "{515C50E8-A9A0-4AC0-8591-7369C1A31DC8}"
EndProject
Project("{FAE04EC0-301F-11D3-BF4B-00C04F79EFBC}") = "ErrorControlSystemWPF", "Error Control System\ErrorControlSystemWPF\ErrorControlSystemWPF.csproj", "{ACAB6A56-4C9D-4B88-8AF7-3185C6D5C89C}"
EndProject
Project("{FAE04EC0-301F-11D3-BF4B-00C04F79EFBC}") = "ErrorControlSystemAdapter", "Error Control System\ErrorControlSystemAdapter\ErrorControlSystemAdapter.csproj", "{1D83C547-23E7-4CDB-9D08-5590283FDEC7}"
EndProject
Project("{FAE04EC0-301F-11D3-BF4B-00C04F79EFBC}") = "ErrorControlSystemUnitTest", "Test Projects\ErrorControlSystemUnitTest\ErrorControlSystemUnitTest.csproj", "{840587CA-2824-4F8E-873F-5BE66CC98FAB}"
EndProject
Global
	GlobalSection(SolutionConfigurationPlatforms) = preSolution
		Debug|Any CPU = Debug|Any CPU
		Release|Any CPU = Release|Any CPU
	EndGlobalSection
	GlobalSection(ProjectConfigurationPlatforms) = postSolution
		{EE48F80F-E6B5-46EC-A6EA-0F7EAD518BE7}.Debug|Any CPU.ActiveCfg = Release|Any CPU
		{EE48F80F-E6B5-46EC-A6EA-0F7EAD518BE7}.Debug|Any CPU.Build.0 = Release|Any CPU
		{EE48F80F-E6B5-46EC-A6EA-0F7EAD518BE7}.Release|Any CPU.ActiveCfg = Release|Any CPU
		{EE48F80F-E6B5-46EC-A6EA-0F7EAD518BE7}.Release|Any CPU.Build.0 = Release|Any CPU
		{27B0A934-CA61-47A8-9B68-454E6698D9B2}.Debug|Any CPU.ActiveCfg = Release|Any CPU
		{27B0A934-CA61-47A8-9B68-454E6698D9B2}.Debug|Any CPU.Build.0 = Release|Any CPU
		{27B0A934-CA61-47A8-9B68-454E6698D9B2}.Release|Any CPU.ActiveCfg = Release|Any CPU
		{27B0A934-CA61-47A8-9B68-454E6698D9B2}.Release|Any CPU.Build.0 = Release|Any CPU
		{63C5E107-6033-4749-9015-158C803E2415}.Debug|Any CPU.ActiveCfg = Release|Any CPU
		{63C5E107-6033-4749-9015-158C803E2415}.Debug|Any CPU.Build.0 = Release|Any CPU
		{63C5E107-6033-4749-9015-158C803E2415}.Release|Any CPU.ActiveCfg = Release|Any CPU
		{63C5E107-6033-4749-9015-158C803E2415}.Release|Any CPU.Build.0 = Release|Any CPU
		{4016F47D-7280-4E17-B62A-2A29E38693E1}.Debug|Any CPU.ActiveCfg = Release|Any CPU
		{4016F47D-7280-4E17-B62A-2A29E38693E1}.Debug|Any CPU.Build.0 = Release|Any CPU
		{4016F47D-7280-4E17-B62A-2A29E38693E1}.Release|Any CPU.ActiveCfg = Release|Any CPU
		{4016F47D-7280-4E17-B62A-2A29E38693E1}.Release|Any CPU.Build.0 = Release|Any CPU
		{5C31AB6D-3745-4501-A293-5E29EBDBD833}.Debug|Any CPU.ActiveCfg = Release|Any CPU
		{5C31AB6D-3745-4501-A293-5E29EBDBD833}.Debug|Any CPU.Build.0 = Release|Any CPU
		{5C31AB6D-3745-4501-A293-5E29EBDBD833}.Release|Any CPU.ActiveCfg = Release|Any CPU
		{5C31AB6D-3745-4501-A293-5E29EBDBD833}.Release|Any CPU.Build.0 = Release|Any CPU
		{4159C8D3-C18D-4BED-8BE6-9BAD1B0CA4F6}.Debug|Any CPU.ActiveCfg = Release|Any CPU
		{4159C8D3-C18D-4BED-8BE6-9BAD1B0CA4F6}.Debug|Any CPU.Build.0 = Release|Any CPU
		{4159C8D3-C18D-4BED-8BE6-9BAD1B0CA4F6}.Release|Any CPU.ActiveCfg = Release|Any CPU
		{4159C8D3-C18D-4BED-8BE6-9BAD1B0CA4F6}.Release|Any CPU.Build.0 = Release|Any CPU
		{EBD48B8C-EFD1-42CB-A980-BAEAEF8A60E1}.Debug|Any CPU.ActiveCfg = Release|Any CPU
		{EBD48B8C-EFD1-42CB-A980-BAEAEF8A60E1}.Debug|Any CPU.Build.0 = Release|Any CPU
		{EBD48B8C-EFD1-42CB-A980-BAEAEF8A60E1}.Release|Any CPU.ActiveCfg = Release|Any CPU
		{EBD48B8C-EFD1-42CB-A980-BAEAEF8A60E1}.Release|Any CPU.Build.0 = Release|Any CPU
		{D129789C-3096-4D0B-8DD7-FE24A4DF4B21}.Debug|Any CPU.ActiveCfg = Release|Any CPU
		{D129789C-3096-4D0B-8DD7-FE24A4DF4B21}.Debug|Any CPU.Build.0 = Release|Any CPU
		{D129789C-3096-4D0B-8DD7-FE24A4DF4B21}.Release|Any CPU.ActiveCfg = Release|Any CPU
		{D129789C-3096-4D0B-8DD7-FE24A4DF4B21}.Release|Any CPU.Build.0 = Release|Any CPU
		{98E878F8-06C7-442B-A647-627F03BC6BF2}.Debug|Any CPU.ActiveCfg = Debug|Any CPU
		{98E878F8-06C7-442B-A647-627F03BC6BF2}.Debug|Any CPU.Build.0 = Debug|Any CPU
		{98E878F8-06C7-442B-A647-627F03BC6BF2}.Release|Any CPU.ActiveCfg = Release|Any CPU
		{98E878F8-06C7-442B-A647-627F03BC6BF2}.Release|Any CPU.Build.0 = Release|Any CPU
		{515C50E8-A9A0-4AC0-8591-7369C1A31DC8}.Debug|Any CPU.ActiveCfg = Debug|Any CPU
		{515C50E8-A9A0-4AC0-8591-7369C1A31DC8}.Debug|Any CPU.Build.0 = Debug|Any CPU
		{515C50E8-A9A0-4AC0-8591-7369C1A31DC8}.Release|Any CPU.ActiveCfg = Release|Any CPU
		{515C50E8-A9A0-4AC0-8591-7369C1A31DC8}.Release|Any CPU.Build.0 = Release|Any CPU
		{ACAB6A56-4C9D-4B88-8AF7-3185C6D5C89C}.Debug|Any CPU.ActiveCfg = Debug|Any CPU
		{ACAB6A56-4C9D-4B88-8AF7-3185C6D5C89C}.Debug|Any CPU.Build.0 = Debug|Any CPU
		{ACAB6A56-4C9D-4B88-8AF7-3185C6D5C89C}.Release|Any CPU.ActiveCfg = Release|Any CPU
		{ACAB6A56-4C9D-4B88-8AF7-3185C6D5C89C}.Release|Any CPU.Build.0 = Release|Any CPU
		{1D83C547-23E7-4CDB-9D08-5590283FDEC7}.Debug|Any CPU.ActiveCfg = Debug|Any CPU
		{1D83C547-23E7-4CDB-9D08-5590283FDEC7}.Debug|Any CPU.Build.0 = Debug|Any CPU
		{1D83C547-23E7-4CDB-9D08-5590283FDEC7}.Release|Any CPU.ActiveCfg = Release|Any CPU
		{1D83C547-23E7-4CDB-9D08-5590283FDEC7}.Release|Any CPU.Build.0 = Release|Any CPU
		{840587CA-2824-4F8E-873F-5BE66CC98FAB}.Debug|Any CPU.ActiveCfg = Debug|Any CPU
		{840587CA-2824-4F8E-873F-5BE66CC98FAB}.Debug|Any CPU.Build.0 = Debug|Any CPU
		{840587CA-2824-4F8E-873F-5BE66CC98FAB}.Release|Any CPU.ActiveCfg = Release|Any CPU
		{840587CA-2824-4F8E-873F-5BE66CC98FAB}.Release|Any CPU.Build.0 = Release|Any CPU
	EndGlobalSection
	GlobalSection(SolutionProperties) = preSolution
		HideSolutionNode = FALSE
	EndGlobalSection
	GlobalSection(NestedProjects) = preSolution
		{98E878F8-06C7-442B-A647-627F03BC6BF2} = {21D0B50A-5F2C-4664-BDBA-A54DB9887B37}
		{5C31AB6D-3745-4501-A293-5E29EBDBD833} = {70D8EB31-5124-453C-BA64-FD39FF3CF960}
		{4159C8D3-C18D-4BED-8BE6-9BAD1B0CA4F6} = {70D8EB31-5124-453C-BA64-FD39FF3CF960}
		{EBD48B8C-EFD1-42CB-A980-BAEAEF8A60E1} = {70D8EB31-5124-453C-BA64-FD39FF3CF960}
		{D129789C-3096-4D0B-8DD7-FE24A4DF4B21} = {70D8EB31-5124-453C-BA64-FD39FF3CF960}
		{EE48F80F-E6B5-46EC-A6EA-0F7EAD518BE7} = {DED4B0E7-23E1-448E-93FF-8162300675E6}
		{27B0A934-CA61-47A8-9B68-454E6698D9B2} = {DED4B0E7-23E1-448E-93FF-8162300675E6}
		{63C5E107-6033-4749-9015-158C803E2415} = {DED4B0E7-23E1-448E-93FF-8162300675E6}
		{4016F47D-7280-4E17-B62A-2A29E38693E1} = {DED4B0E7-23E1-448E-93FF-8162300675E6}
		{840587CA-2824-4F8E-873F-5BE66CC98FAB} = {DED4B0E7-23E1-448E-93FF-8162300675E6}
		{515C50E8-A9A0-4AC0-8591-7369C1A31DC8} = {8CF64119-A504-468E-91AC-AA6C4A0862BA}
		{ACAB6A56-4C9D-4B88-8AF7-3185C6D5C89C} = {8CF64119-A504-468E-91AC-AA6C4A0862BA}
		{1D83C547-23E7-4CDB-9D08-5590283FDEC7} = {8CF64119-A504-468E-91AC-AA6C4A0862BA}
	EndGlobalSection
EndGlobal
